schema: '2.0'
stages:
  data_ingestion:
    cmd: python src/MoviesRecom/pipeline/stage_01_data_ingestion.py
    deps:
    - path: src/MoviesRecom/pipeline/stage_01_data_ingestion.py
      hash: md5
      md5: 9877c1147fa4c68c4fb8c52873c0ffa5
      size: 923
    outs:
    - path: artifacts/data_ingestion/movie_dataset
      hash: md5
      md5: 2e751f97dfe899cffb9641819663fa38.dir
      size: 45742895
      nfiles: 2
    - path: artifacts/data_ingestion/movie_dataset.zip
      hash: md5
      md5: ae9de0932a7f1fbfa56ee5c088dc19f4
      size: 9525845
  data_validation:
    cmd: python src/MoviesRecom/pipeline/stage_02_data_validation.py
    deps:
    - path: artifacts/data_ingestion/movie_dataset
      hash: md5
      md5: 2e751f97dfe899cffb9641819663fa38.dir
      size: 45742895
      nfiles: 2
    - path: config/config.yaml
      hash: md5
      md5: 92b35cf390e0ec499bb6a29b9092e4bb
      size: 792
    - path: src/MoviesRecom/pipeline/stage_02_data_validation.py
      hash: md5
      md5: 684e703d17b3f6a1422651489b69d399
      size: 905
    outs:
    - path: artifacts/data_validation/status.txt
      hash: md5
      md5: 86e6a2f694c57a675b3e2da6b95ff9ba
      size: 23
  data_transformation:
    cmd: python src/MoviesRecom/pipeline/stage_03_data_transformation.py
    deps:
    - path: artifacts/data_ingestion/movie_dataset/tmdb_5000_credits.csv
      hash: md5
      md5: 6c5e0e12bfbc527697d7977d86b97ed4
      size: 40044293
    - path: artifacts/data_ingestion/movie_dataset/tmdb_5000_movies.csv
      hash: md5
      md5: 64346a71897b5741d553d34b86088603
      size: 5698602
    - path: src/MoviesRecom/pipeline/stage_03_data_transformation.py
      hash: md5
      md5: 67fb099e91d210c89b32f3ea3d886d25
      size: 944
    outs:
    - path: artifacts/data_transformation/clean_df.csv
      hash: md5
      md5: 9b22be502b51f015c6fb06677f8a327c
      size: 2328206
  model_training:
    cmd: python src/MoviesRecom/pipeline/stage_04_model_training.py
    deps:
    - path: artifacts/data_transformation/clean_df.csv
      hash: md5
      md5: 9b22be502b51f015c6fb06677f8a327c
      size: 2328206
    - path: src/MoviesRecom/pipeline/stage_04_model_training.py
      hash: md5
      md5: 5ac17ad4db043f33fc72a70b797b7046
      size: 846
    outs:
    - path: artifacts/model_training/similarity.joblib
      hash: md5
      md5: 9eb2d00f6e208010b7e132f80849b16d
      size: 184781329
